
Microsoft Visual Studio Solution File, Format Version 12.00
# Visual Studio Version 16
VisualStudioVersion = 16.0.30611.23
MinimumVisualStudioVersion = 10.0.40219.1
Project("{FAE04EC0-301F-11D3-BF4B-00C04F79EFBC}") = "CB CAR Rental", "CB CAR Rental\CB CAR Rental.csproj", "{894E2F8D-5452-4960-AB53-908C1DBD598F}"
EndProject
Global
	GlobalSection(SolutionConfigurationPlatforms) = preSolution
		Debug|Any CPU = Debug|Any CPU
		Release|Any CPU = Release|Any CPU
	EndGlobalSection
	GlobalSection(ProjectConfigurationPlatforms) = postSolution
		{894E2F8D-5452-4960-AB53-908C1DBD598F}.Debug|Any CPU.ActiveCfg = Debug|Any CPU
		{894E2F8D-5452-4960-AB53-908C1DBD598F}.Debug|Any CPU.Build.0 = Debug|Any CPU
		{894E2F8D-5452-4960-AB53-908C1DBD598F}.Release|Any CPU.ActiveCfg = Release|Any CPU
		{894E2F8D-5452-4960-AB53-908C1DBD598F}.Release|Any CPU.Build.0 = Release|Any CPU
	EndGlobalSection
	GlobalSection(SolutionProperties) = preSolution
		HideSolutionNode = FALSE
	EndGlobalSection
	GlobalSection(ExtensibilityGlobals) = postSolution
		SolutionGuid = {BF0315C9-E44D-4D95-986E-86A744D377FE}
	EndGlobalSection
EndGlobal
